
Microsoft Visual Studio Solution File, Format Version 12.00
# Visual Studio Version 17
VisualStudioVersion = 17.14.36930.0 d17.14
MinimumVisualStudioVersion = 10.0.40219.1
Project("{FAE04EC0-301F-11D3-BF4B-00C04F79EFBC}") = "Shop", "Shop\Shop.csproj", "{77582DBA-5018-45AB-9976-CAD3450192D1}"
EndProject
Global
	GlobalSection(SolutionConfigurationPlatforms) = preSolution
		Debug|Any CPU = Debug|Any CPU
		Release|Any CPU = Release|Any CPU
	EndGlobalSection
	GlobalSection(ProjectConfigurationPlatforms) = postSolution
		{77582DBA-5018-45AB-9976-CAD3450192D1}.Debug|Any CPU.ActiveCfg = Debug|Any CPU
		{77582DBA-5018-45AB-9976-CAD3450192D1}.Debug|Any CPU.Build.0 = Debug|Any CPU
		{77582DBA-5018-45AB-9976-CAD3450192D1}.Release|Any CPU.ActiveCfg = Release|Any CPU
		{77582DBA-5018-45AB-9976-CAD3450192D1}.Release|Any CPU.Build.0 = Release|Any CPU
	EndGlobalSection
	GlobalSection(SolutionProperties) = preSolution
		HideSolutionNode = FALSE
	EndGlobalSection
	GlobalSection(ExtensibilityGlobals) = postSolution
		SolutionGuid = {20E7312C-E231-4942-9310-3250A4ED554D}
	EndGlobalSection
EndGlobal
